
Microsoft Visual Studio Solution File, Format Version 12.00
# Visual Studio Version 17
VisualStudioVersion = 17.7.34031.279
MinimumVisualStudioVersion = 10.0.40219.1
Project("{FAE04EC0-301F-11D3-BF4B-00C04F79EFBC}") = "ConsoleApp4", "ConsoleApp4\ConsoleApp4.csproj", "{6CC5CC58-C4A2-45EB-AED4-3D5674B79504}"
EndProject
Global
	GlobalSection(SolutionConfigurationPlatforms) = preSolution
		Debug|Any CPU = Debug|Any CPU
		Release|Any CPU = Release|Any CPU
	EndGlobalSection
	GlobalSection(ProjectConfigurationPlatforms) = postSolution
		{6CC5CC58-C4A2-45EB-AED4-3D5674B79504}.Debug|Any CPU.ActiveCfg = Debug|Any CPU
		{6CC5CC58-C4A2-45EB-AED4-3D5674B79504}.Debug|Any CPU.Build.0 = Debug|Any CPU
		{6CC5CC58-C4A2-45EB-AED4-3D5674B79504}.Release|Any CPU.ActiveCfg = Release|Any CPU
		{6CC5CC58-C4A2-45EB-AED4-3D5674B79504}.Release|Any CPU.Build.0 = Release|Any CPU
	EndGlobalSection
	GlobalSection(SolutionProperties) = preSolution
		HideSolutionNode = FALSE
	EndGlobalSection
	GlobalSection(ExtensibilityGlobals) = postSolution
		SolutionGuid = {9A100EE6-BF45-4DF5-8A60-2E5C84F799C5}
	EndGlobalSection
EndGlobal
